{
  "nodes": {
    "bufdelete-nvim": {
      "flake": false,
      "locked": {
        "lastModified": 1639850992,
        "narHash": "sha256-kViu5B44pOfOHFZntP8Q3sdMm6ElN6o+xvBLsW0wAn8=",
        "owner": "famiu",
        "repo": "bufdelete.nvim",
        "rev": "1c59b784c53afaf7b9ca63186da99e5d46e3e429",
        "type": "github"
      },
      "original": {
        "owner": "famiu",
        "repo": "bufdelete.nvim",
        "type": "github"
      }
    },
    "cmp-buffer": {
      "flake": false,
      "locked": {
        "lastModified": 1641254550,
        "narHash": "sha256-LXNckOkSqRMFWJhBaPUm8el0SgTS2XPvg3N8CEwHLHw=",
        "owner": "hrsh7th",
        "repo": "cmp-buffer",
        "rev": "f83773e2f433a923997c5faad7ea689ec24d1785",
        "type": "github"
      },
      "original": {
        "owner": "hrsh7th",
        "repo": "cmp-buffer",
        "type": "github"
      }
    },
    "cmp-nvim-lsp": {
      "flake": false,
      "locked": {
        "lastModified": 1641318246,
        "narHash": "sha256-xrtqZGKT0MjapdlWooAFGUyfiDMdqmJ/mB4LA1YuX2E=",
        "owner": "hrsh7th",
        "repo": "cmp-nvim-lsp",
        "rev": "b4251f0fca1daeb6db5d60a23ca81507acf858c2",
        "type": "github"
      },
      "original": {
        "owner": "hrsh7th",
        "repo": "cmp-nvim-lsp",
        "type": "github"
      }
    },
    "cmp-path": {
      "flake": false,
      "locked": {
        "lastModified": 1640869280,
        "narHash": "sha256-d82E/Vl4a/WGAVKWuPYXjZO/jVo+7aKp05JaRoA6dgU=",
        "owner": "hrsh7th",
        "repo": "cmp-path",
        "rev": "4d58224e315426e5ac4c5b218ca86cab85f80c79",
        "type": "github"
      },
      "original": {
        "owner": "hrsh7th",
        "repo": "cmp-path",
        "type": "github"
      }
    },
    "cmp-treesitter": {
      "flake": false,
      "locked": {
        "lastModified": 1638415112,
        "narHash": "sha256-Skdb113mgJqPJGUCk08ymo2IrnCyMO2KY36rOIxFHRk=",
        "owner": "ray-x",
        "repo": "cmp-treesitter",
        "rev": "a6b4c95ee922cace635b5a46c7fcc691d2559fbb",
        "type": "github"
      },
      "original": {
        "owner": "ray-x",
        "repo": "cmp-treesitter",
        "type": "github"
      }
    },
    "cmp-vsnip": {
      "flake": false,
      "locked": {
        "lastModified": 1636543683,
        "narHash": "sha256-7K3shsiGK7ISFXj9D9MPK7yRqIxeCrbj1IsggToWHO4=",
        "owner": "hrsh7th",
        "repo": "cmp-vsnip",
        "rev": "0abfa1860f5e095a07c477da940cfcb0d273b700",
        "type": "github"
      },
      "original": {
        "owner": "hrsh7th",
        "repo": "cmp-vsnip",
        "type": "github"
      }
    },
    "crates-nvim": {
      "flake": false,
      "locked": {
        "lastModified": 1641583531,
        "narHash": "sha256-+cFuJhR1gOe71aJLFvlNTPejth4GaBxjaYXeryxSWBg=",
        "owner": "Saecki",
        "repo": "crates.nvim",
        "rev": "2998baf339d836d3b23a3d83096b2078caf838c3",
        "type": "github"
      },
      "original": {
        "owner": "Saecki",
        "repo": "crates.nvim",
        "type": "github"
      }
    },
    "flake-compat": {
      "flake": false,
      "locked": {
        "lastModified": 1641205782,
        "narHash": "sha256-4jY7RCWUoZ9cKD8co0/4tFARpWB+57+r1bLLvXNJliY=",
        "owner": "edolstra",
        "repo": "flake-compat",
        "rev": "b7547d3eed6f32d06102ead8991ec52ab0a4f1a7",
        "type": "github"
      },
      "original": {
        "owner": "edolstra",
        "repo": "flake-compat",
        "type": "github"
      }
    },
    "flake-utils": {
      "locked": {
        "lastModified": 1638122382,
        "narHash": "sha256-sQzZzAbvKEqN9s0bzWuYmRaA03v40gaJ4+iL1LXjaeI=",
        "owner": "numtide",
        "repo": "flake-utils",
        "rev": "74f7e4319258e287b0f9cb95426c9853b282730b",
        "type": "github"
      },
      "original": {
        "owner": "numtide",
        "repo": "flake-utils",
        "type": "github"
      }
    },
    "flake-utils_2": {
      "locked": {
        "lastModified": 1629481132,
        "narHash": "sha256-JHgasjPR0/J1J3DRm4KxM4zTyAj4IOJY8vIl75v/kPI=",
        "owner": "numtide",
        "repo": "flake-utils",
        "rev": "997f7efcb746a9c140ce1f13c72263189225f482",
        "type": "github"
      },
      "original": {
        "owner": "numtide",
        "repo": "flake-utils",
        "type": "github"
      }
    },
    "gitsigns-nvim": {
      "flake": false,
      "locked": {
        "lastModified": 1641917807,
        "narHash": "sha256-5KNl5Oda/c1Xi3nDteKfqds5OorpVelLmj+HCZpNaq4=",
        "owner": "lewis6991",
        "repo": "gitsigns.nvim",
        "rev": "7aad5257fa043b9acf3d40ae064a1685003254da",
        "type": "github"
      },
      "original": {
        "owner": "lewis6991",
        "repo": "gitsigns.nvim",
        "type": "github"
      }
    },
    "glow-nvim": {
      "flake": false,
      "locked": {
        "lastModified": 1641753937,
        "narHash": "sha256-NAoWW6g/1o+eEkG+xKG4CSW6M4Ih6U9iHUyCSC9SFJA=",
        "owner": "ellisonleao",
        "repo": "glow.nvim",
        "rev": "42dcd3fff4052b41b241453880c6067dbfea55f6",
        "type": "github"
      },
      "original": {
        "owner": "ellisonleao",
        "repo": "glow.nvim",
        "type": "github"
      }
    },
    "indent-blankline": {
      "flake": false,
      "locked": {
        "lastModified": 1638347592,
        "narHash": "sha256-8sELQ8TY3DN9V+pG6Li0wXb5/xe5uhPymL/JSAplWI4=",
        "owner": "lukas-reineke",
        "repo": "indent-blankline.nvim",
        "rev": "0f8df7e43f0cae4c44e0e8383436ad602f333419",
        "type": "github"
      },
      "original": {
        "owner": "lukas-reineke",
        "repo": "indent-blankline.nvim",
        "type": "github"
      }
    },
    "kommentary": {
      "flake": false,
      "locked": {
        "lastModified": 1638539682,
        "narHash": "sha256-Sq/117fzSdHjz8P+KDP2j1LmebMQJKPZjTG8ixRgTuc=",
        "owner": "b3nj5m1n",
        "repo": "kommentary",
        "rev": "2e1c3be90d555cd2c1f70b1c24867cee08d352f4",
        "type": "github"
      },
      "original": {
        "owner": "b3nj5m1n",
        "repo": "kommentary",
        "type": "github"
      }
    },
    "lsp-signature": {
      "flake": false,
      "locked": {
        "lastModified": 1641857572,
        "narHash": "sha256-q4zLl7Omo66Zzb31AY9ZrVQSdRiLpHh3TqOh7QKE6oo=",
        "owner": "ray-x",
        "repo": "lsp_signature.nvim",
        "rev": "31149835df7a183eb1fcc4dc82cae2dbd326ce4e",
        "type": "github"
      },
      "original": {
        "owner": "ray-x",
        "repo": "lsp_signature.nvim",
        "type": "github"
      }
    },
    "lspkind": {
      "flake": false,
      "locked": {
        "lastModified": 1640888751,
        "narHash": "sha256-oAA4Q4FC+7fbBw8CwGrqP05PD+q5035vurYzMQLk03I=",
        "owner": "onsails",
        "repo": "lspkind-nvim",
        "rev": "f0d1552890e384f15b47ea88bd1b8a077cddc24a",
        "type": "github"
      },
      "original": {
        "owner": "onsails",
        "repo": "lspkind-nvim",
        "type": "github"
      }
    },
    "lspsaga": {
      "flake": false,
      "locked": {
        "lastModified": 1641631801,
        "narHash": "sha256-7O2PbBMAB05cBkmOsUHY2NeN5HMB5OHh9Fhn+9QITq0=",
        "owner": "tami5",
        "repo": "lspsaga.nvim",
        "rev": "72eaf3544020db3da41d3813487329ae89512e9e",
        "type": "github"
      },
      "original": {
        "owner": "tami5",
        "repo": "lspsaga.nvim",
        "type": "github"
      }
    },
    "lualine": {
      "flake": false,
      "locked": {
        "lastModified": 1642005344,
        "narHash": "sha256-3tQuUKhdyMQbdxZ5I76qaa1c2jlHwOzLMTz5KA7Ssgk=",
        "owner": "hoob3rt",
        "repo": "lualine.nvim",
        "rev": "70691ae350fdbe1f15758e3b8e2973742a7967a9",
        "type": "github"
      },
      "original": {
        "owner": "hoob3rt",
        "repo": "lualine.nvim",
        "type": "github"
      }
    },
    "naersk": {
      "inputs": {
        "nixpkgs": "nixpkgs_3"
      },
      "locked": {
        "lastModified": 1639947939,
        "narHash": "sha256-pGsM8haJadVP80GFq4xhnSpNitYNQpaXk4cnA796Cso=",
        "owner": "nix-community",
        "repo": "naersk",
        "rev": "2fc8ce9d3c025d59fee349c1f80be9785049d653",
        "type": "github"
      },
      "original": {
        "owner": "nix-community",
        "repo": "naersk",
        "type": "github"
      }
    },
    "neovim-flake": {
      "inputs": {
        "flake-utils": "flake-utils_2",
        "nixpkgs": "nixpkgs"
      },
      "locked": {
        "dir": "contrib",
        "lastModified": 1642050270,
        "narHash": "sha256-6KX5Y51JMr2i0TlwB2wuG7vtT9MM3btWnkkLuUpF2oM=",
        "owner": "neovim",
        "repo": "neovim",
        "rev": "3ee1ba35a79be452951ac35e4f45e779332657ed",
        "type": "github"
      },
      "original": {
        "dir": "contrib",
        "owner": "neovim",
        "repo": "neovim",
        "type": "github"
      }
    },
    "neovim-overlay": {
      "inputs": {
        "flake-compat": "flake-compat",
        "neovim-flake": "neovim-flake",
        "nixpkgs": [
          "nixpkgs"
        ]
      },
      "locked": {
        "lastModified": 1642061982,
        "narHash": "sha256-sYRqWCi4sP4e156gr8ml3rVa5r6P4K7App1LHlaKOqA=",
        "owner": "nix-community",
        "repo": "neovim-nightly-overlay",
        "rev": "7484f28615cd2dcf6752ce5d8a1915fd760c58c7",
        "type": "github"
      },
      "original": {
        "owner": "nix-community",
        "repo": "neovim-nightly-overlay",
        "type": "github"
      }
    },
    "nixpkgs": {
      "locked": {
        "lastModified": 1641887635,
        "narHash": "sha256-kDGpufwzVaiGe5e1sBUBPo9f1YN+nYHJlYqCaVpZTQQ=",
        "owner": "nixos",
        "repo": "nixpkgs",
        "rev": "b2737d4980a17cc2b7d600d7d0b32fd7333aca88",
        "type": "github"
      },
      "original": {
        "owner": "nixos",
        "ref": "nixos-unstable",
        "repo": "nixpkgs",
        "type": "github"
      }
    },
    "nixpkgs_2": {
      "locked": {
        "lastModified": 1641969095,
        "narHash": "sha256-WCiFqG6+E5NmeI6xnw/fxuKHgdsfb8xjL8N9Gxu4/hU=",
        "owner": "nixos",
        "repo": "nixpkgs",
        "rev": "b458e5133fba2c873649f071f7a8dfeae52ebd17",
        "type": "github"
      },
      "original": {
        "owner": "nixos",
        "ref": "nixpkgs-unstable",
        "repo": "nixpkgs",
        "type": "github"
      }
    },
    "nixpkgs_3": {
      "locked": {
        "lastModified": 1641969095,
        "narHash": "sha256-WCiFqG6+E5NmeI6xnw/fxuKHgdsfb8xjL8N9Gxu4/hU=",
        "owner": "NixOS",
        "repo": "nixpkgs",
        "rev": "b458e5133fba2c873649f071f7a8dfeae52ebd17",
        "type": "github"
      },
      "original": {
        "id": "nixpkgs",
        "type": "indirect"
      }
    },
    "nixpkgs_4": {
      "locked": {
        "lastModified": 1630481079,
        "narHash": "sha256-leWXLchbAbqOlLT6tju631G40SzQWPqaAXQG3zH1Imw=",
        "owner": "nixos",
        "repo": "nixpkgs",
        "rev": "110a2c9ebbf5d4a94486854f18a37a938cfacbbb",
        "type": "github"
      },
      "original": {
        "owner": "nixos",
        "ref": "nixos-21.05",
        "repo": "nixpkgs",
        "type": "github"
      }
    },
    "null-ls": {
      "flake": false,
      "locked": {
        "lastModified": 1641948155,
        "narHash": "sha256-JWpMRXK8MnKsiGoq1nelDuU7dTeoeReNbh1R/Uxz58k=",
        "owner": "jose-elias-alvarez",
        "repo": "null-ls.nvim",
        "rev": "288c4582f62f04944412acaed098fc16a1818464",
        "type": "github"
      },
      "original": {
        "owner": "jose-elias-alvarez",
        "repo": "null-ls.nvim",
        "type": "github"
      }
    },
    "nvim-autopairs": {
      "flake": false,
      "locked": {
        "lastModified": 1641961719,
        "narHash": "sha256-Ra8WUWecbj6YduPHfVs8D1CZ4N2fhe6/2QeT8WaWGT4=",
        "owner": "windwp",
        "repo": "nvim-autopairs",
        "rev": "c027bbb7eb417ad0be7d5263b66c1638e971e36b",
        "type": "github"
      },
      "original": {
        "owner": "windwp",
        "repo": "nvim-autopairs",
        "type": "github"
      }
    },
    "nvim-bufferline-lua": {
      "flake": false,
      "locked": {
        "lastModified": 1641989052,
        "narHash": "sha256-5gUanzw9IX2CsGyP8AVprvDpaURBsXUz3VVtccP+2Cg=",
        "owner": "akinsho",
        "repo": "nvim-bufferline.lua",
        "rev": "00a98203a38dd38b670aa70ef965c4e9be5573ef",
        "type": "github"
      },
      "original": {
        "owner": "akinsho",
        "repo": "nvim-bufferline.lua",
        "type": "github"
      }
    },
    "nvim-cmp": {
      "flake": false,
      "locked": {
        "lastModified": 1641917941,
        "narHash": "sha256-O/J/k/7yc+BpHbW/2VsCZWa87XqQk5l1wSuhCVVPVyA=",
        "owner": "hrsh7th",
        "repo": "nvim-cmp",
        "rev": "ce0a3581e0fa6e3072bf06a97919d3e214ff00e6",
        "type": "github"
      },
      "original": {
        "owner": "hrsh7th",
        "repo": "nvim-cmp",
        "type": "github"
      }
    },
    "nvim-code-action-menu": {
      "flake": false,
      "locked": {
        "lastModified": 1639903855,
        "narHash": "sha256-lCeuYezBIKxl2ok3HPuWMdm5NeZKy6TzK4r1H5qNTak=",
        "owner": "weilbith",
        "repo": "nvim-code-action-menu",
        "rev": "796d45f0ac89b9e5b6d41fb2c1fada25c1aba870",
        "type": "github"
      },
      "original": {
        "owner": "weilbith",
        "repo": "nvim-code-action-menu",
        "type": "github"
      }
    },
    "nvim-compe": {
      "flake": false,
      "locked": {
        "lastModified": 1633188506,
        "narHash": "sha256-Y2oqvsuAKM3qjmmtJVD9z34682eCRF25kPL+rxhhg7I=",
        "owner": "hrsh7th",
        "repo": "nvim-compe",
        "rev": "d186d739c54823e0b010feb205c6f97792322c08",
        "type": "github"
      },
      "original": {
        "owner": "hrsh7th",
        "repo": "nvim-compe",
        "type": "github"
      }
    },
    "nvim-cursorline": {
      "flake": false,
      "locked": {
        "lastModified": 1632789154,
        "narHash": "sha256-qH/jtoQj1q59/7knsL9gJuZswVrNNEJDfv7H3fJTWxo=",
        "owner": "yamatsum",
        "repo": "nvim-cursorline",
        "rev": "e4fa1d90c2c6169c18f7ea3275845a2de9335dbf",
        "type": "github"
      },
      "original": {
        "owner": "yamatsum",
        "repo": "nvim-cursorline",
        "type": "github"
      }
    },
    "nvim-lspconfig": {
      "flake": false,
      "locked": {
        "lastModified": 1641963197,
        "narHash": "sha256-McMmNx8kUfYmYeG7LFFqa/pOUwBHw+HBaPdeIRbl6iQ=",
        "owner": "neovim",
        "repo": "nvim-lspconfig",
        "rev": "2c70b7b0095b4bbe55aaf0dc27a2581d1cafe491",
        "type": "github"
      },
      "original": {
        "owner": "neovim",
        "repo": "nvim-lspconfig",
        "type": "github"
      }
    },
    "nvim-neoclip": {
      "flake": false,
      "locked": {
        "lastModified": 1641752667,
        "narHash": "sha256-IDJMQ5uCNEoHCBYU0Dj8QDFsFRfTXHJvFPcgMDMAHB8=",
        "owner": "AckslD",
        "repo": "nvim-neoclip.lua",
        "rev": "bfd6503ce5e2949e17e4053ca00b9e6836fe94e7",
        "type": "github"
      },
      "original": {
        "owner": "AckslD",
        "repo": "nvim-neoclip.lua",
        "type": "github"
      }
    },
    "nvim-tree-lua": {
      "flake": false,
      "locked": {
        "lastModified": 1640353820,
        "narHash": "sha256-gKKjupu0Myz2Sgh/7SBJPi7tk+yn11+fJDbSPlWzfWs=",
        "owner": "kyazdani42",
        "repo": "nvim-tree.lua",
        "rev": "0a2f6b0b6ba558a88c77a6b262af647760e6eca8",
        "type": "github"
      },
      "original": {
        "owner": "kyazdani42",
        "repo": "nvim-tree.lua",
        "type": "github"
      }
    },
    "nvim-treesitter": {
      "flake": false,
      "locked": {
        "lastModified": 1641985822,
        "narHash": "sha256-ElTicxqMS+XQKJfltii1JPwUdtXhY882WTwZWeh+wbQ=",
        "owner": "nvim-treesitter",
        "repo": "nvim-treesitter",
        "rev": "ed6143940c37c5c18625d46c071563a3b4338e72",
        "type": "github"
      },
      "original": {
        "owner": "nvim-treesitter",
        "repo": "nvim-treesitter",
        "type": "github"
      }
    },
    "nvim-treesitter-context": {
      "flake": false,
      "locked": {
        "lastModified": 1642022511,
        "narHash": "sha256-OHDdl5PdTQ/M2sOrZ5C4JUG9FcAy0cTtWu56qyPbe4Q=",
        "owner": "romgrk",
        "repo": "nvim-treesitter-context",
        "rev": "b7d7aba81683c1cd76141e090ff335bb55332cba",
        "type": "github"
      },
      "original": {
        "owner": "romgrk",
        "repo": "nvim-treesitter-context",
        "type": "github"
      }
    },
    "nvim-ts-autotag": {
      "flake": false,
      "locked": {
        "lastModified": 1641285774,
        "narHash": "sha256-L5fq4hHRkt2aouEV2MyPYGFlnfiCN1lZHm8UdfKkWLU=",
        "owner": "windwp",
        "repo": "nvim-ts-autotag",
        "rev": "32bc46ee8b21f88f87d97b976ae6674595b311b5",
        "type": "github"
      },
      "original": {
        "owner": "windwp",
        "repo": "nvim-ts-autotag",
        "type": "github"
      }
    },
    "nvim-web-devicons": {
      "flake": false,
      "locked": {
        "lastModified": 1640033101,
        "narHash": "sha256-DWbUhVTIhKYw+39rEHxUhDE7hRm3CtYMzfRDFj0j9Lk=",
        "owner": "kyazdani42",
        "repo": "nvim-web-devicons",
        "rev": "ac71ca88b1136e1ecb2aefef4948130f31aa40d1",
        "type": "github"
      },
      "original": {
        "owner": "kyazdani42",
        "repo": "nvim-web-devicons",
        "type": "github"
      }
    },
    "onedark": {
      "flake": false,
      "locked": {
        "lastModified": 1641889912,
        "narHash": "sha256-oPdKMAddGF2J2rUrKlHxQhvBT2DK00oXjhiWXX0SmVo=",
        "owner": "navarasu",
        "repo": "onedark.nvim",
        "rev": "e5f6772b61b4aea429db1d8cc61b8a91f467611b",
        "type": "github"
      },
      "original": {
        "owner": "navarasu",
        "repo": "onedark.nvim",
        "type": "github"
      }
    },
    "plenary-nvim": {
      "flake": false,
      "locked": {
        "lastModified": 1641403390,
        "narHash": "sha256-mHcBRO9zJGyeSMBYEPUk6nejwhj9Yy5UF4Wq7EyRmsQ=",
        "owner": "nvim-lua",
        "repo": "plenary.nvim",
        "rev": "563d9f6d083f0514548f2ac4ad1888326d0a1c66",
        "type": "github"
      },
      "original": {
        "owner": "nvim-lua",
        "repo": "plenary.nvim",
        "type": "github"
      }
    },
    "registers": {
      "flake": false,
      "locked": {
        "lastModified": 1641199722,
        "narHash": "sha256-INR2xRoiu+tpoiTz214YuIOoQ0aQWAkXyJt4lnNaTR0=",
        "owner": "tversteeg",
        "repo": "registers.nvim",
        "rev": "3a8b22157ad5b68380ee1b751bd87edbd6d46471",
        "type": "github"
      },
      "original": {
        "owner": "tversteeg",
        "repo": "registers.nvim",
        "type": "github"
      }
    },
    "rnix-lsp": {
      "inputs": {
        "naersk": "naersk",
        "nixpkgs": "nixpkgs_4",
        "utils": "utils"
      },
      "locked": {
        "lastModified": 1640347520,
        "narHash": "sha256-UkieGBW9ap0pQbumYoG60Ed+BpzMRGuLQ6Zb41u7Fkk=",
        "owner": "nix-community",
        "repo": "rnix-lsp",
        "rev": "d7cc2887ac9e65dd01715aac472edbf46b93ed31",
        "type": "github"
      },
      "original": {
        "owner": "nix-community",
        "repo": "rnix-lsp",
        "type": "github"
      }
    },
    "root": {
      "inputs": {
        "bufdelete-nvim": "bufdelete-nvim",
        "cmp-buffer": "cmp-buffer",
        "cmp-nvim-lsp": "cmp-nvim-lsp",
        "cmp-path": "cmp-path",
        "cmp-treesitter": "cmp-treesitter",
        "cmp-vsnip": "cmp-vsnip",
        "crates-nvim": "crates-nvim",
        "flake-utils": "flake-utils",
        "gitsigns-nvim": "gitsigns-nvim",
        "glow-nvim": "glow-nvim",
        "indent-blankline": "indent-blankline",
        "kommentary": "kommentary",
        "lsp-signature": "lsp-signature",
        "lspkind": "lspkind",
        "lspsaga": "lspsaga",
        "lualine": "lualine",
        "neovim-overlay": "neovim-overlay",
        "nixpkgs": "nixpkgs_2",
        "null-ls": "null-ls",
        "nvim-autopairs": "nvim-autopairs",
        "nvim-bufferline-lua": "nvim-bufferline-lua",
        "nvim-cmp": "nvim-cmp",
        "nvim-code-action-menu": "nvim-code-action-menu",
        "nvim-compe": "nvim-compe",
        "nvim-cursorline": "nvim-cursorline",
        "nvim-lspconfig": "nvim-lspconfig",
        "nvim-neoclip": "nvim-neoclip",
        "nvim-tree-lua": "nvim-tree-lua",
        "nvim-treesitter": "nvim-treesitter",
        "nvim-treesitter-context": "nvim-treesitter-context",
        "nvim-ts-autotag": "nvim-ts-autotag",
        "nvim-web-devicons": "nvim-web-devicons",
        "onedark": "onedark",
        "plenary-nvim": "plenary-nvim",
        "registers": "registers",
        "rnix-lsp": "rnix-lsp",
        "rust-tools": "rust-tools",
        "sqls-nvim": "sqls-nvim",
        "telescope": "telescope",
        "todo-comments": "todo-comments",
        "tokyonight": "tokyonight",
        "trouble": "trouble",
        "vim-vsnip": "vim-vsnip",
        "which-key": "which-key"
      }
    },
    "rust-tools": {
      "flake": false,
      "locked": {
        "lastModified": 1641065759,
        "narHash": "sha256-jDZRdEVmeLoCNlGb6XtWS5EXCixs88v2c/6c7TkYh9E=",
        "owner": "simrat39",
        "repo": "rust-tools.nvim",
        "rev": "7eb435069b307f55bdc3aa27bd3fe4ad704e66db",
        "type": "github"
      },
      "original": {
        "owner": "simrat39",
        "repo": "rust-tools.nvim",
        "type": "github"
      }
    },
    "sqls-nvim": {
      "flake": false,
      "locked": {
        "lastModified": 1641991384,
        "narHash": "sha256-jQVAwot3wEntdEWirA/8H0/tIaIKvk9NRdcc5GwSmNw=",
        "owner": "nanotee",
        "repo": "sqls.nvim",
        "rev": "f573781dee03b802f04bd0a00c80c2915164f2c2",
        "type": "github"
      },
      "original": {
        "owner": "nanotee",
        "repo": "sqls.nvim",
        "type": "github"
      }
    },
    "telescope": {
      "flake": false,
      "locked": {
        "lastModified": 1641934831,
        "narHash": "sha256-3PgY90yqGQAryIiDocx5FBx0P9860m3P2X7RO24vWjU=",
        "owner": "nvim-telescope",
        "repo": "telescope.nvim",
        "rev": "015a35626d5a293dc9c19dc2bb301f25850961f6",
        "type": "github"
      },
      "original": {
        "owner": "nvim-telescope",
        "repo": "telescope.nvim",
        "type": "github"
      }
    },
    "todo-comments": {
      "flake": false,
      "locked": {
        "lastModified": 1639214028,
        "narHash": "sha256-16damc7E0J9dXTIe4pSWrbPoobZDRh1FQ1XyFzJvnoE=",
        "owner": "folke",
        "repo": "todo-comments.nvim",
        "rev": "672cd22bd15928434374ac52d0cf38dd250231df",
        "type": "github"
      },
      "original": {
        "owner": "folke",
        "repo": "todo-comments.nvim",
        "type": "github"
      }
    },
    "tokyonight": {
      "flake": false,
      "locked": {
        "lastModified": 1640940199,
        "narHash": "sha256-EUiuGaX//mqv8v+UWfOQwxvV6UaQq1ZjdlqOpQAE7+c=",
        "owner": "folke",
        "repo": "tokyonight.nvim",
        "rev": "8223c970677e4d88c9b6b6d81bda23daf11062bb",
        "type": "github"
      },
      "original": {
        "owner": "folke",
        "repo": "tokyonight.nvim",
        "type": "github"
      }
    },
    "trouble": {
      "flake": false,
      "locked": {
        "lastModified": 1640940059,
        "narHash": "sha256-t6zNugUO75TxOs4T83H8Slr04m3Dv113p/M/4XPg4QE=",
        "owner": "folke",
        "repo": "trouble.nvim",
        "rev": "20469be985143d024c460d95326ebeff9971d714",
        "type": "github"
      },
      "original": {
        "owner": "folke",
        "repo": "trouble.nvim",
        "type": "github"
      }
    },
    "utils": {
      "locked": {
        "lastModified": 1629481132,
        "narHash": "sha256-JHgasjPR0/J1J3DRm4KxM4zTyAj4IOJY8vIl75v/kPI=",
        "owner": "numtide",
        "repo": "flake-utils",
        "rev": "997f7efcb746a9c140ce1f13c72263189225f482",
        "type": "github"
      },
      "original": {
        "owner": "numtide",
        "repo": "flake-utils",
        "type": "github"
      }
    },
    "vim-vsnip": {
      "flake": false,
      "locked": {
        "lastModified": 1641477687,
        "narHash": "sha256-wCCZV2Z1C2Gad2gH+/Dsc/bsJai7jEtcY90JJeZNF7g=",
        "owner": "hrsh7th",
        "repo": "vim-vsnip",
        "rev": "7fde9c0b6878a62bcc6d2d29f9a85a6616032f02",
        "type": "github"
      },
      "original": {
        "owner": "hrsh7th",
        "repo": "vim-vsnip",
        "type": "github"
      }
    },
    "which-key": {
      "flake": false,
      "locked": {
        "lastModified": 1642056136,
        "narHash": "sha256-vumqkTgHN6PJgeiyq9oFqm4uw2NUzzu6/1pHS/uxH/0=",
        "owner": "folke",
        "repo": "which-key.nvim",
        "rev": "387fd676d3f9b419d38890820f6e262dc0fadb46",
        "type": "github"
      },
      "original": {
        "owner": "folke",
        "repo": "which-key.nvim",
        "type": "github"
      }
    }
  },
  "root": "root",
  "version": 7
}
