{
  "nodes": {
    "bufdelete-nvim": {
      "flake": false,
      "locked": {
        "lastModified": 1631228838,
        "narHash": "sha256-GfzBd2emM4gYbbDPTSM140B8K+1XCvJJ5/fZ7Aw0MEg=",
        "owner": "famiu",
        "repo": "bufdelete.nvim",
        "rev": "39d7bfa1802895920f2327b41ab8e41f4b14c866",
        "type": "github"
      },
      "original": {
        "owner": "famiu",
        "repo": "bufdelete.nvim",
        "type": "github"
      }
    },
    "cmp-buffer": {
      "flake": false,
      "locked": {
        "lastModified": 1630563990,
        "narHash": "sha256-lLP6gnuSN/tJiJ1sb2u6Xm5G2P59pz6tnOGDRfbivjk=",
        "owner": "hrsh7th",
        "repo": "cmp-buffer",
        "rev": "5dde5430757696be4169ad409210cf5088554ed6",
        "type": "github"
      },
      "original": {
        "owner": "hrsh7th",
        "repo": "cmp-buffer",
        "type": "github"
      }
    },
    "cmp-nvim-lsp": {
      "flake": false,
      "locked": {
        "lastModified": 1631847716,
        "narHash": "sha256-lmgj7xThs880JX7ae1ApjbE+rSrmSyfANzSYGIbOdnk=",
        "owner": "hrsh7th",
        "repo": "cmp-nvim-lsp",
        "rev": "246a41c55668d5f84afcd805ee73b6e419375ae0",
        "type": "github"
      },
      "original": {
        "owner": "hrsh7th",
        "repo": "cmp-nvim-lsp",
        "type": "github"
      }
    },
    "cmp-path": {
      "flake": false,
      "locked": {
        "lastModified": 1631378163,
        "narHash": "sha256-axU7g7Dg+/uCVFxuz42FaUtUyU/Xzlm/XOsEvlUfZA4=",
        "owner": "hrsh7th",
        "repo": "cmp-path",
        "rev": "0016221b6143fd6bf308667c249e9dbdee835ae2",
        "type": "github"
      },
      "original": {
        "owner": "hrsh7th",
        "repo": "cmp-path",
        "type": "github"
      }
    },
    "cmp-vsnip": {
      "flake": false,
      "locked": {
        "lastModified": 1629873547,
        "narHash": "sha256-XKkR5wxSCF5E4ZEUrwodSBmyEPmjYdRbxIuN0o4Df2A=",
        "owner": "hrsh7th",
        "repo": "cmp-vsnip",
        "rev": "1588c35bf8f637e8f5287477f31895781858f970",
        "type": "github"
      },
      "original": {
        "owner": "hrsh7th",
        "repo": "cmp-vsnip",
        "type": "github"
      }
    },
    "crates-nvim": {
      "flake": false,
      "locked": {
        "lastModified": 1631981153,
        "narHash": "sha256-p3S8fdzG6JGQAlMvhCqNBaAaZD0NtNjCD0kV1JqauAc=",
        "owner": "Saecki",
        "repo": "crates.nvim",
        "rev": "89d1032cc53fc7f846af98d1c63a0bdb6d9b5a34",
        "type": "github"
      },
      "original": {
        "owner": "Saecki",
        "repo": "crates.nvim",
        "type": "github"
      }
    },
    "flake-utils": {
      "locked": {
        "lastModified": 1631561581,
        "narHash": "sha256-3VQMV5zvxaVLvqqUrNz3iJelLw30mIVSfZmAaauM3dA=",
        "owner": "numtide",
        "repo": "flake-utils",
        "rev": "7e5bf3925f6fbdfaf50a2a7ca0be2879c4261d19",
        "type": "github"
      },
      "original": {
        "owner": "numtide",
        "repo": "flake-utils",
        "type": "github"
      }
    },
    "glow-nvim": {
      "flake": false,
      "locked": {
        "lastModified": 1630864142,
        "narHash": "sha256-P+49CKX2rYaoCGQXU0tUjtsrBEObBlKntcq0S/Zufno=",
        "owner": "ellisonleao",
        "repo": "glow.nvim",
        "rev": "ae61bac7a4ec720b247d016473d6214d0e8aa0cc",
        "type": "github"
      },
      "original": {
        "owner": "ellisonleao",
        "repo": "glow.nvim",
        "type": "github"
      }
    },
    "indent-blankline": {
      "flake": false,
      "locked": {
        "lastModified": 1632875619,
        "narHash": "sha256-HLJMdONHcwqvTiS3QI4CWcmEHFlmaQtD6iUol/citew=",
        "owner": "lukas-reineke",
        "repo": "indent-blankline.nvim",
        "rev": "db7c46dae3fe7ac701473148db542b1d15490f30",
        "type": "github"
      },
      "original": {
        "owner": "lukas-reineke",
        "repo": "indent-blankline.nvim",
        "type": "github"
      }
    },
    "kommentary": {
      "flake": false,
      "locked": {
        "lastModified": 1630003022,
        "narHash": "sha256-Hjrtu/fkqKIOVwQTovhR6HoVOSo7Lcki5iAtSyPWv7E=",
        "owner": "b3nj5m1n",
        "repo": "kommentary",
        "rev": "09d332c66b7155b14eb22c9129aee44d9d2ff496",
        "type": "github"
      },
      "original": {
        "owner": "b3nj5m1n",
        "repo": "kommentary",
        "type": "github"
      }
    },
    "lsp-signature": {
      "flake": false,
      "locked": {
        "lastModified": 1632659183,
        "narHash": "sha256-0ow8xPhZuxIMYJPPmAmyWGsS/qJjTAUe20tOXlcvXTI=",
        "owner": "ray-x",
        "repo": "lsp_signature.nvim",
        "rev": "8f89ab239ef2569096b6805ea093a322985b8e4e",
        "type": "github"
      },
      "original": {
        "owner": "ray-x",
        "repo": "lsp_signature.nvim",
        "type": "github"
      }
    },
    "lspkind": {
      "flake": false,
      "locked": {
        "lastModified": 1629354866,
        "narHash": "sha256-DFVxONyAbWXwqijCrvNojTnvyt6BtETOS4c2CIX/bC0=",
        "owner": "onsails",
        "repo": "lspkind-nvim",
        "rev": "9cc326504e566f467407bae2669a98963c5404d2",
        "type": "github"
      },
      "original": {
        "owner": "onsails",
        "repo": "lspkind-nvim",
        "type": "github"
      }
    },
    "lspsaga": {
      "flake": false,
      "locked": {
        "lastModified": 1619341800,
        "narHash": "sha256-K1pZteSqY29LFuFZ9RT3pIgZJ5SpEYUq7UBjZeBrkHs=",
        "owner": "glepnir",
        "repo": "lspsaga.nvim",
        "rev": "cb0e35d2e594ff7a9c408d2e382945d56336c040",
        "type": "github"
      },
      "original": {
        "owner": "glepnir",
        "repo": "lspsaga.nvim",
        "type": "github"
      }
    },
    "lualine": {
      "flake": false,
      "locked": {
        "lastModified": 1622138007,
        "narHash": "sha256-0s+NWjRkDegPWfNdEBtJRbpxnzG4HY5Jk31yvS7Yqz4=",
        "owner": "hoob3rt",
        "repo": "lualine.nvim",
        "rev": "9726824f1dcc8907632bc7c32f9882f26340f815",
        "type": "github"
      },
      "original": {
        "owner": "hoob3rt",
        "repo": "lualine.nvim",
        "type": "github"
      }
    },
    "naersk": {
      "inputs": {
        "nixpkgs": [
          "rnix-lsp",
          "nixpkgs"
        ]
      },
      "locked": {
        "lastModified": 1629707199,
        "narHash": "sha256-sGxlmfp5eXL5sAMNqHSb04Zq6gPl+JeltIZ226OYN0w=",
        "owner": "nmattia",
        "repo": "naersk",
        "rev": "df71f5e4babda41cd919a8684b72218e2e809fa9",
        "type": "github"
      },
      "original": {
        "owner": "nmattia",
        "repo": "naersk",
        "type": "github"
      }
    },
    "nixpkgs": {
      "locked": {
        "lastModified": 1632086102,
        "narHash": "sha256-wVTcf0UclFS+zHtfPToB13jIO7n0U9N50MuRbPjQViE=",
        "owner": "nixos",
        "repo": "nixpkgs",
        "rev": "e0ce3c683ae677cf5aab597d645520cddd13392b",
        "type": "github"
      },
      "original": {
        "owner": "nixos",
        "ref": "nixpkgs-unstable",
        "repo": "nixpkgs",
        "type": "github"
      }
    },
    "nixpkgs_2": {
      "locked": {
        "lastModified": 1630481079,
        "narHash": "sha256-leWXLchbAbqOlLT6tju631G40SzQWPqaAXQG3zH1Imw=",
        "owner": "nixos",
        "repo": "nixpkgs",
        "rev": "110a2c9ebbf5d4a94486854f18a37a938cfacbbb",
        "type": "github"
      },
      "original": {
        "owner": "nixos",
        "ref": "nixos-21.05",
        "repo": "nixpkgs",
        "type": "github"
      }
    },
    "null-ls": {
      "flake": false,
      "locked": {
        "lastModified": 1632657393,
        "narHash": "sha256-fUxzIKD8yUI95Rcj+x/pOgfObxX1q1aWDZ4fWCZhAyo=",
        "owner": "jose-elias-alvarez",
        "repo": "null-ls.nvim",
        "rev": "204b4e66f13f72ff3f4d50b2484aaef7b17a733d",
        "type": "github"
      },
      "original": {
        "owner": "jose-elias-alvarez",
        "repo": "null-ls.nvim",
        "type": "github"
      }
    },
    "nvim-autopairs": {
      "flake": false,
      "locked": {
        "lastModified": 1632101140,
        "narHash": "sha256-RxQ/cO5XVZBpQmLcWHCizBvRcvRKBjVGsqKZFW2VBEE=",
        "owner": "windwp",
        "repo": "nvim-autopairs",
        "rev": "30d6ce1e398ee1904b5185158697f24c8490fcb1",
        "type": "github"
      },
      "original": {
        "owner": "windwp",
        "repo": "nvim-autopairs",
        "type": "github"
      }
    },
    "nvim-bufferline-lua": {
      "flake": false,
      "locked": {
        "lastModified": 1631794610,
        "narHash": "sha256-13zs/52y2N2Xgyeuj7QuXSx/zxOJfwSstRYu2OLgjuw=",
        "owner": "akinsho",
        "repo": "nvim-bufferline.lua",
        "rev": "be5866b77c713d92cf3d383a387bec1d55e3f798",
        "type": "github"
      },
      "original": {
        "owner": "akinsho",
        "repo": "nvim-bufferline.lua",
        "type": "github"
      }
    },
    "nvim-cmp": {
      "flake": false,
      "locked": {
        "lastModified": 1632026427,
        "narHash": "sha256-ZjrVPlq1qarXBMdzXXpXxCqbXM3cbjfmwbuVf12q18w=",
        "owner": "hrsh7th",
        "repo": "nvim-cmp",
        "rev": "13e8b61371925ebcea4069a67f16315e96c8f935",
        "type": "github"
      },
      "original": {
        "owner": "hrsh7th",
        "repo": "nvim-cmp",
        "type": "github"
      }
    },
    "nvim-code-action-menu": {
      "flake": false,
      "locked": {
        "lastModified": 1632859478,
        "narHash": "sha256-8gmtWJPgYXLoQQA3d70eqA2O1Ka5DJHFB4dm7HtFDKA=",
        "owner": "weilbith",
        "repo": "nvim-code-action-menu",
        "rev": "4efac33349a6d4669c2072a22ede61d94886c48d",
        "type": "github"
      },
      "original": {
        "owner": "weilbith",
        "repo": "nvim-code-action-menu",
        "type": "github"
      }
    },
    "nvim-compe": {
      "flake": false,
      "locked": {
        "lastModified": 1631029545,
        "narHash": "sha256-QI140ML00OmQ/s4ymd7fAg3Pf3U/JrZd400w7mRXCOI=",
        "owner": "hrsh7th",
        "repo": "nvim-compe",
        "rev": "980357a9eeabe84f29c96d38421c9bff321a2bc8",
        "type": "github"
      },
      "original": {
        "owner": "hrsh7th",
        "repo": "nvim-compe",
        "type": "github"
      }
    },
    "nvim-cursorline": {
      "flake": false,
      "locked": {
        "lastModified": 1632789154,
        "narHash": "sha256-qH/jtoQj1q59/7knsL9gJuZswVrNNEJDfv7H3fJTWxo=",
        "owner": "yamatsum",
        "repo": "nvim-cursorline",
        "rev": "e4fa1d90c2c6169c18f7ea3275845a2de9335dbf",
        "type": "github"
      },
      "original": {
        "owner": "yamatsum",
        "repo": "nvim-cursorline",
        "type": "github"
      }
    },
    "nvim-lspconfig": {
      "flake": false,
      "locked": {
        "lastModified": 1631830083,
        "narHash": "sha256-0CxnjJ7+mbvHlL8xfPcay9OkXi/r/mHg00Tlt5DrTwY=",
        "owner": "neovim",
        "repo": "nvim-lspconfig",
        "rev": "aa0b9fd746d73a5ebbc72c732c645e96423d4504",
        "type": "github"
      },
      "original": {
        "owner": "neovim",
        "repo": "nvim-lspconfig",
        "type": "github"
      }
    },
    "nvim-neoclip": {
      "flake": false,
      "locked": {
        "lastModified": 1631483388,
        "narHash": "sha256-5Dz7G2yUNCWqoRvdl/E7tfRmPz1MML68S3wnINlxAX8=",
        "owner": "AckslD",
        "repo": "nvim-neoclip.lua",
        "rev": "4a5ef1a9f1bc556b47e8e83f82867b8e095291c7",
        "type": "github"
      },
      "original": {
        "owner": "AckslD",
        "repo": "nvim-neoclip.lua",
        "type": "github"
      }
    },
    "nvim-tree-lua": {
      "flake": false,
      "locked": {
        "lastModified": 1631449891,
        "narHash": "sha256-4XMNJ47zu8aBNu298pMC+BqBl7QmiGztKq8SpDDARJY=",
        "owner": "kyazdani42",
        "repo": "nvim-tree.lua",
        "rev": "d7f73b5ae9c8fa85535c32e2861c2cb97df5d56b",
        "type": "github"
      },
      "original": {
        "owner": "kyazdani42",
        "repo": "nvim-tree.lua",
        "type": "github"
      }
    },
    "nvim-treesitter": {
      "flake": false,
      "locked": {
        "lastModified": 1632074548,
        "narHash": "sha256-jbJODFJqgEWSWAUt24cKNlgzuVWtUPTJRE+FkGfIn3w=",
        "owner": "nvim-treesitter",
        "repo": "nvim-treesitter",
        "rev": "440b69f8d186245e0b11d7ab66515f1e0e687ae4",
        "type": "github"
      },
      "original": {
        "owner": "nvim-treesitter",
        "repo": "nvim-treesitter",
        "type": "github"
      }
    },
    "nvim-ts-autotag": {
      "flake": false,
      "locked": {
        "lastModified": 1628091479,
        "narHash": "sha256-NJHxsL7oF7ZRKOlFMpEdcWoBH+/21Pk0uy5ljmlHe4c=",
        "owner": "windwp",
        "repo": "nvim-ts-autotag",
        "rev": "99ba1f6d80842a4d82ff49fc0aa094fb9d199219",
        "type": "github"
      },
      "original": {
        "owner": "windwp",
        "repo": "nvim-ts-autotag",
        "type": "github"
      }
    },
    "nvim-web-devicons": {
      "flake": false,
      "locked": {
        "lastModified": 1631365497,
        "narHash": "sha256-8k6YNlRLnBiMx6Xfu6ACPtE2iM+JVHSL5gSt/yXw5ms=",
        "owner": "kyazdani42",
        "repo": "nvim-web-devicons",
        "rev": "be8bb70502441e3bdd4911cf7998dc16d7535706",
        "type": "github"
      },
      "original": {
        "owner": "kyazdani42",
        "repo": "nvim-web-devicons",
        "type": "github"
      }
    },
    "plenary-nvim": {
      "flake": false,
      "locked": {
        "lastModified": 1632068452,
        "narHash": "sha256-9splXL8P6YTWrbdDJxx3iJIb92B5fj8gAYqtj71i5A0=",
        "owner": "nvim-lua",
        "repo": "plenary.nvim",
        "rev": "edb76cc996f2578eda8ec768dd0ec148e4d20450",
        "type": "github"
      },
      "original": {
        "owner": "nvim-lua",
        "repo": "plenary.nvim",
        "type": "github"
      }
    },
    "registers": {
      "flake": false,
      "locked": {
        "lastModified": 1631170899,
        "narHash": "sha256-BIZx+Shrzzj4AfDvlyBURSdLoRXgLbWbUbgAYyIbdgQ=",
        "owner": "tversteeg",
        "repo": "registers.nvim",
        "rev": "3f522bd7375dc780714c1ebe7fe398f4e45f0e52",
        "type": "github"
      },
      "original": {
        "owner": "tversteeg",
        "repo": "registers.nvim",
        "type": "github"
      }
    },
    "rnix-lsp": {
      "inputs": {
        "naersk": "naersk",
        "nixpkgs": "nixpkgs_2",
        "utils": "utils"
      },
      "locked": {
        "lastModified": 1631531304,
        "narHash": "sha256-hlJ0FYaxUGpFqAuhB+Fde7ydxJQXV3NIwKQ8rW85gc8=",
        "owner": "nix-community",
        "repo": "rnix-lsp",
        "rev": "ab9c26a903846fc6712b811bdb32a2539ed3a42d",
        "type": "github"
      },
      "original": {
        "owner": "nix-community",
        "repo": "rnix-lsp",
        "type": "github"
      }
    },
    "root": {
      "inputs": {
        "bufdelete-nvim": "bufdelete-nvim",
        "cmp-buffer": "cmp-buffer",
        "cmp-nvim-lsp": "cmp-nvim-lsp",
        "cmp-path": "cmp-path",
        "cmp-vsnip": "cmp-vsnip",
        "crates-nvim": "crates-nvim",
        "flake-utils": "flake-utils",
        "glow-nvim": "glow-nvim",
        "indent-blankline": "indent-blankline",
        "kommentary": "kommentary",
        "lsp-signature": "lsp-signature",
        "lspkind": "lspkind",
        "lspsaga": "lspsaga",
        "lualine": "lualine",
        "nixpkgs": "nixpkgs",
        "null-ls": "null-ls",
        "nvim-autopairs": "nvim-autopairs",
        "nvim-bufferline-lua": "nvim-bufferline-lua",
        "nvim-cmp": "nvim-cmp",
        "nvim-code-action-menu": "nvim-code-action-menu",
        "nvim-compe": "nvim-compe",
        "nvim-cursorline": "nvim-cursorline",
        "nvim-lspconfig": "nvim-lspconfig",
        "nvim-neoclip": "nvim-neoclip",
        "nvim-tree-lua": "nvim-tree-lua",
        "nvim-treesitter": "nvim-treesitter",
        "nvim-ts-autotag": "nvim-ts-autotag",
        "nvim-web-devicons": "nvim-web-devicons",
        "plenary-nvim": "plenary-nvim",
        "registers": "registers",
        "rnix-lsp": "rnix-lsp",
        "rust-tools": "rust-tools",
        "sqls-nvim": "sqls-nvim",
        "telescope": "telescope",
        "todo-comments": "todo-comments",
        "tokyonight": "tokyonight",
        "trouble": "trouble",
        "vim-vsnip": "vim-vsnip",
        "which-key": "which-key"
      }
    },
    "rust-tools": {
      "flake": false,
      "locked": {
        "lastModified": 1632269878,
        "narHash": "sha256-LucGKe4kgv5i155x+A1OvdUS/+emvj+/z66yjPrFkzs=",
        "owner": "simrat39",
        "repo": "rust-tools.nvim",
        "rev": "eb6ac6ca69ec76fb5fde75d421022f6fd474629f",
        "type": "github"
      },
      "original": {
        "owner": "simrat39",
        "repo": "rust-tools.nvim",
        "type": "github"
      }
    },
    "sqls-nvim": {
      "flake": false,
      "locked": {
        "lastModified": 1632674185,
        "narHash": "sha256-o3JZCnOvzi3Nzxn06M/p63fi/Ge5zH+vNxjdO84EIeQ=",
        "owner": "nanotee",
        "repo": "sqls.nvim",
        "rev": "d65c8aa490bd3c3c4b48328e36a26101a7c0408f",
        "type": "github"
      },
      "original": {
        "owner": "nanotee",
        "repo": "sqls.nvim",
        "type": "github"
      }
    },
    "telescope": {
      "flake": false,
      "locked": {
        "lastModified": 1632771927,
        "narHash": "sha256-CpyimZWsnnaqPV1lhV+afRi92XfwhtTKygHJO7ya6zw=",
        "owner": "nvim-telescope",
        "repo": "telescope.nvim",
        "rev": "4e629cdea197b7c4f3c476346a8841b74bf9fd56",
        "type": "github"
      },
      "original": {
        "owner": "nvim-telescope",
        "repo": "telescope.nvim",
        "type": "github"
      }
    },
    "todo-comments": {
      "flake": false,
      "locked": {
        "lastModified": 1628158272,
        "narHash": "sha256-HSOQ4/yxGZwsdIOJIFGmW3fGKqdmgXZTXVAPZhrRNMg=",
        "owner": "folke",
        "repo": "todo-comments.nvim",
        "rev": "808a2e524b3720804716a99fd900986b9d727d4d",
        "type": "github"
      },
      "original": {
        "owner": "folke",
        "repo": "todo-comments.nvim",
        "type": "github"
      }
    },
    "tokyonight": {
      "flake": false,
      "locked": {
        "lastModified": 1630320223,
        "narHash": "sha256-koBuOvt0HhjlNK50Q/eekuP0OQTIrUfriDmmiWx5EBo=",
        "owner": "folke",
        "repo": "tokyonight.nvim",
        "rev": "eede574f9ef57137e6d7e4bab37b09db636c5a56",
        "type": "github"
      },
      "original": {
        "owner": "folke",
        "repo": "tokyonight.nvim",
        "type": "github"
      }
    },
    "trouble": {
      "flake": false,
      "locked": {
        "lastModified": 1628159479,
        "narHash": "sha256-4bFFrrbUcNZCnRVyw/tm80QhzG8cAdI38jtizWPsozE=",
        "owner": "folke",
        "repo": "trouble.nvim",
        "rev": "51dd9175eb506b026189c70f81823dfa77defe86",
        "type": "github"
      },
      "original": {
        "owner": "folke",
        "repo": "trouble.nvim",
        "type": "github"
      }
    },
    "utils": {
      "locked": {
        "lastModified": 1629481132,
        "narHash": "sha256-JHgasjPR0/J1J3DRm4KxM4zTyAj4IOJY8vIl75v/kPI=",
        "owner": "numtide",
        "repo": "flake-utils",
        "rev": "997f7efcb746a9c140ce1f13c72263189225f482",
        "type": "github"
      },
      "original": {
        "owner": "numtide",
        "repo": "flake-utils",
        "type": "github"
      }
    },
    "vim-vsnip": {
      "flake": false,
      "locked": {
        "lastModified": 1631603490,
        "narHash": "sha256-zgGh5rVg9cYG8q9d33kBSvtes41LhP+g/9ofeh1DiFQ=",
        "owner": "hrsh7th",
        "repo": "vim-vsnip",
        "rev": "9ac8044206d32bea4dba34e77b6a3b7b87f65df6",
        "type": "github"
      },
      "original": {
        "owner": "hrsh7th",
        "repo": "vim-vsnip",
        "type": "github"
      }
    },
    "which-key": {
      "flake": false,
      "locked": {
        "lastModified": 1628160854,
        "narHash": "sha256-eoaBx7PzctB0rwmBW/ba9O9rcbyRCNvBafWXHUToZAI=",
        "owner": "folke",
        "repo": "which-key.nvim",
        "rev": "b582c9d78f0d105041ed29ec3a8ee11d98ddfd50",
        "type": "github"
      },
      "original": {
        "owner": "folke",
        "repo": "which-key.nvim",
        "type": "github"
      }
    }
  },
  "root": "root",
  "version": 7
}
